# This file is automatically @generated by Cargo.
# It is not intended for manual editing.
version = 4

[[package]]
name = "contention-queue"
version = "0.1.0"
dependencies = [
 "variance-family",
]

[[package]]
name = "variance-family"
version = "0.1.0"
source = "git+https://github.com/robofinch/lifetime-foundry?branch=dev#654b6644c288c2fff992a3734dbb65424000d489"
