# This file is automatically @generated by Cargo.
# It is not intended for manual editing.
version = 4

[[package]]
name = "contention-queue"
version = "0.1.0"
dependencies = [
 "variance-family",
]

[[package]]
name = "variance-family"
version = "0.1.0"
source = "git+https://github.com/robofinch/self-ref-box?branch=dev#e835fce5976b0bc6f07fac86bd17cb4ebe543ce9"
